
Microsoft Visual Studio Solution File, Format Version 12.00
# Visual Studio Version 17
VisualStudioVersion = 17.10.35013.160
MinimumVisualStudioVersion = 10.0.40219.1
Project("{FAE04EC0-301F-11D3-BF4B-00C04F79EFBC}") = "newseaon", "newseaon\newseaon.csproj", "{9F2ECC5D-83AB-4B39-8837-74F967E4C68B}"
EndProject
Global
	GlobalSection(SolutionConfigurationPlatforms) = preSolution
		Debug|Any CPU = Debug|Any CPU
		Release|Any CPU = Release|Any CPU
	EndGlobalSection
	GlobalSection(ProjectConfigurationPlatforms) = postSolution
		{9F2ECC5D-83AB-4B39-8837-74F967E4C68B}.Debug|Any CPU.ActiveCfg = Debug|Any CPU
		{9F2ECC5D-83AB-4B39-8837-74F967E4C68B}.Debug|Any CPU.Build.0 = Debug|Any CPU
		{9F2ECC5D-83AB-4B39-8837-74F967E4C68B}.Release|Any CPU.ActiveCfg = Release|Any CPU
		{9F2ECC5D-83AB-4B39-8837-74F967E4C68B}.Release|Any CPU.Build.0 = Release|Any CPU
	EndGlobalSection
	GlobalSection(SolutionProperties) = preSolution
		HideSolutionNode = FALSE
	EndGlobalSection
	GlobalSection(ExtensibilityGlobals) = postSolution
		SolutionGuid = {1D2905B0-1EED-412F-BFD4-86B07D303F09}
	EndGlobalSection
EndGlobal
